
Microsoft Visual Studio Solution File, Format Version 12.00
# Visual Studio Version 16
VisualStudioVersion = 16.0.29326.143
MinimumVisualStudioVersion = 10.0.40219.1
Project("{FAE04EC0-301F-11D3-BF4B-00C04F79EFBC}") = "FundaTask", "FundaTask\FundaTask.csproj", "{C86766E4-B7EC-4A75-AD3D-F4D32CAD3C42}"
EndProject
Project("{FAE04EC0-301F-11D3-BF4B-00C04F79EFBC}") = "FundaApi", "..\..\..\..\..\Projects\FundaTask-master\FundaApi.csproj", "{6D16C64A-DECE-4410-AD1E-C31B62F0F9A7}"
EndProject
Global
	GlobalSection(SolutionConfigurationPlatforms) = preSolution
		Debug|Any CPU = Debug|Any CPU
		Release|Any CPU = Release|Any CPU
	EndGlobalSection
	GlobalSection(ProjectConfigurationPlatforms) = postSolution
		{C86766E4-B7EC-4A75-AD3D-F4D32CAD3C42}.Debug|Any CPU.ActiveCfg = Debug|Any CPU
		{C86766E4-B7EC-4A75-AD3D-F4D32CAD3C42}.Debug|Any CPU.Build.0 = Debug|Any CPU
		{C86766E4-B7EC-4A75-AD3D-F4D32CAD3C42}.Release|Any CPU.ActiveCfg = Release|Any CPU
		{C86766E4-B7EC-4A75-AD3D-F4D32CAD3C42}.Release|Any CPU.Build.0 = Release|Any CPU
		{6D16C64A-DECE-4410-AD1E-C31B62F0F9A7}.Debug|Any CPU.ActiveCfg = Debug|Any CPU
		{6D16C64A-DECE-4410-AD1E-C31B62F0F9A7}.Debug|Any CPU.Build.0 = Debug|Any CPU
		{6D16C64A-DECE-4410-AD1E-C31B62F0F9A7}.Release|Any CPU.ActiveCfg = Release|Any CPU
		{6D16C64A-DECE-4410-AD1E-C31B62F0F9A7}.Release|Any CPU.Build.0 = Release|Any CPU
	EndGlobalSection
	GlobalSection(SolutionProperties) = preSolution
		HideSolutionNode = FALSE
	EndGlobalSection
	GlobalSection(ExtensibilityGlobals) = postSolution
		SolutionGuid = {3552927E-776E-45FC-913D-C60E22FAA5BD}
	EndGlobalSection
EndGlobal
